
Microsoft Visual Studio Solution File, Format Version 12.00
# Visual Studio Version 16
VisualStudioVersion = 16.0.31205.134
MinimumVisualStudioVersion = 10.0.40219.1
Project("{FAE04EC0-301F-11D3-BF4B-00C04F79EFBC}") = "WareHouseApp", "WareHouseApp\WareHouseApp.csproj", "{0A038E42-3C9C-4F4D-ADF5-56D592052683}"
EndProject
Global
	GlobalSection(SolutionConfigurationPlatforms) = preSolution
		Debug|Any CPU = Debug|Any CPU
		Release|Any CPU = Release|Any CPU
	EndGlobalSection
	GlobalSection(ProjectConfigurationPlatforms) = postSolution
		{0A038E42-3C9C-4F4D-ADF5-56D592052683}.Debug|Any CPU.ActiveCfg = Debug|Any CPU
		{0A038E42-3C9C-4F4D-ADF5-56D592052683}.Debug|Any CPU.Build.0 = Debug|Any CPU
		{0A038E42-3C9C-4F4D-ADF5-56D592052683}.Release|Any CPU.ActiveCfg = Release|Any CPU
		{0A038E42-3C9C-4F4D-ADF5-56D592052683}.Release|Any CPU.Build.0 = Release|Any CPU
	EndGlobalSection
	GlobalSection(SolutionProperties) = preSolution
		HideSolutionNode = FALSE
	EndGlobalSection
	GlobalSection(ExtensibilityGlobals) = postSolution
		SolutionGuid = {E2B7D518-F81A-4045-A04C-19BE1B93B22D}
	EndGlobalSection
EndGlobal
